
Microsoft Visual Studio Solution File, Format Version 12.00
# Visual Studio Version 16
VisualStudioVersion = 16.0.30225.117
MinimumVisualStudioVersion = 10.0.40219.1
Project("{2150E333-8FDC-42A3-9474-1A3956D46DE8}") = "src", "src", "{C635D4CD-CCAA-4C49-BE4F-1F8456E0A702}"
EndProject
Project("{2150E333-8FDC-42A3-9474-1A3956D46DE8}") = "test", "test", "{259FDC88-4632-4594-9050-6AA6B4C0F659}"
EndProject
Project("{9A19103F-16F7-4668-BE54-9A1E7A4F7556}") = "CommunityBoard.BackEnd", "src\CommunityBoard.BackEnd\CommunityBoard.BackEnd.csproj", "{DD204A10-9996-48E0-818E-5B62E8FFD8BF}"
EndProject
Project("{9A19103F-16F7-4668-BE54-9A1E7A4F7556}") = "CommunityBoard.Core", "src\CommunityBoard.Core\CommunityBoard.Core.csproj", "{B62FCC7B-E0C3-42EA-9665-74DA6C089FB9}"
EndProject
Project("{9A19103F-16F7-4668-BE54-9A1E7A4F7556}") = "CommunityBoard.FrontEnd", "src\CommunityBoard.FrontEnd\CommunityBoard.FrontEnd.csproj", "{73DC7B09-99C9-4B9B-8C43-1EEB122FDE48}"
EndProject
Project("{9A19103F-16F7-4668-BE54-9A1E7A4F7556}") = "CommunityBoard.IntegrationTests", "test\CommunityBoard.Test\CommunityBoard.IntegrationTests.csproj", "{6D94B3A8-F004-42D2-9913-5F3AE52E6D44}"
EndProject
Global
	GlobalSection(SolutionConfigurationPlatforms) = preSolution
		Debug|Any CPU = Debug|Any CPU
		Release|Any CPU = Release|Any CPU
	EndGlobalSection
	GlobalSection(ProjectConfigurationPlatforms) = postSolution
		{DD204A10-9996-48E0-818E-5B62E8FFD8BF}.Debug|Any CPU.ActiveCfg = Debug|Any CPU
		{DD204A10-9996-48E0-818E-5B62E8FFD8BF}.Debug|Any CPU.Build.0 = Debug|Any CPU
		{DD204A10-9996-48E0-818E-5B62E8FFD8BF}.Release|Any CPU.ActiveCfg = Release|Any CPU
		{DD204A10-9996-48E0-818E-5B62E8FFD8BF}.Release|Any CPU.Build.0 = Release|Any CPU
		{B62FCC7B-E0C3-42EA-9665-74DA6C089FB9}.Debug|Any CPU.ActiveCfg = Debug|Any CPU
		{B62FCC7B-E0C3-42EA-9665-74DA6C089FB9}.Debug|Any CPU.Build.0 = Debug|Any CPU
		{B62FCC7B-E0C3-42EA-9665-74DA6C089FB9}.Release|Any CPU.ActiveCfg = Release|Any CPU
		{B62FCC7B-E0C3-42EA-9665-74DA6C089FB9}.Release|Any CPU.Build.0 = Release|Any CPU
		{73DC7B09-99C9-4B9B-8C43-1EEB122FDE48}.Debug|Any CPU.ActiveCfg = Debug|Any CPU
		{73DC7B09-99C9-4B9B-8C43-1EEB122FDE48}.Debug|Any CPU.Build.0 = Debug|Any CPU
		{73DC7B09-99C9-4B9B-8C43-1EEB122FDE48}.Release|Any CPU.ActiveCfg = Release|Any CPU
		{73DC7B09-99C9-4B9B-8C43-1EEB122FDE48}.Release|Any CPU.Build.0 = Release|Any CPU
		{6D94B3A8-F004-42D2-9913-5F3AE52E6D44}.Debug|Any CPU.ActiveCfg = Debug|Any CPU
		{6D94B3A8-F004-42D2-9913-5F3AE52E6D44}.Debug|Any CPU.Build.0 = Debug|Any CPU
		{6D94B3A8-F004-42D2-9913-5F3AE52E6D44}.Release|Any CPU.ActiveCfg = Release|Any CPU
		{6D94B3A8-F004-42D2-9913-5F3AE52E6D44}.Release|Any CPU.Build.0 = Release|Any CPU
	EndGlobalSection
	GlobalSection(SolutionProperties) = preSolution
		HideSolutionNode = FALSE
	EndGlobalSection
	GlobalSection(NestedProjects) = preSolution
		{DD204A10-9996-48E0-818E-5B62E8FFD8BF} = {C635D4CD-CCAA-4C49-BE4F-1F8456E0A702}
		{B62FCC7B-E0C3-42EA-9665-74DA6C089FB9} = {C635D4CD-CCAA-4C49-BE4F-1F8456E0A702}
		{73DC7B09-99C9-4B9B-8C43-1EEB122FDE48} = {C635D4CD-CCAA-4C49-BE4F-1F8456E0A702}
		{6D94B3A8-F004-42D2-9913-5F3AE52E6D44} = {259FDC88-4632-4594-9050-6AA6B4C0F659}
	EndGlobalSection
	GlobalSection(ExtensibilityGlobals) = postSolution
		SolutionGuid = {2BE0A97E-E93F-44B3-80DA-D2283701AD2B}
	EndGlobalSection
EndGlobal
